
Microsoft Visual Studio Solution File, Format Version 11.00
# Visual Studio 2010
Project("{FAE04EC0-301F-11D3-BF4B-00C04F79EFBC}") = "FirstCareConnects", "FirstCareConnects\FirstCareConnects.csproj", "{D4B21FD1-EDA1-4B11-A305-3DA1027AE61A}"
EndProject
Project("{2150E333-8FDC-42A3-9474-1A3956D46DE8}") = ".nuget", ".nuget", "{E7C49F80-69B8-4508-9B3E-2632D0BD7CBC}"
	ProjectSection(SolutionItems) = preProject
		.nuget\NuGet.Config = .nuget\NuGet.Config
		.nuget\NuGet.exe = .nuget\NuGet.exe
		.nuget\NuGet.targets = .nuget\NuGet.targets
	EndProjectSection
EndProject
Global
	GlobalSection(SolutionConfigurationPlatforms) = preSolution
		Debug|Any CPU = Debug|Any CPU
		Release|Any CPU = Release|Any CPU
	EndGlobalSection
	GlobalSection(ProjectConfigurationPlatforms) = postSolution
		{D4B21FD1-EDA1-4B11-A305-3DA1027AE61A}.Debug|Any CPU.ActiveCfg = Debug|Any CPU
		{D4B21FD1-EDA1-4B11-A305-3DA1027AE61A}.Debug|Any CPU.Build.0 = Debug|Any CPU
		{D4B21FD1-EDA1-4B11-A305-3DA1027AE61A}.Release|Any CPU.ActiveCfg = Release|Any CPU
		{D4B21FD1-EDA1-4B11-A305-3DA1027AE61A}.Release|Any CPU.Build.0 = Release|Any CPU
	EndGlobalSection
	GlobalSection(SolutionProperties) = preSolution
		HideSolutionNode = FALSE
	EndGlobalSection
EndGlobal
